
Microsoft Visual Studio Solution File, Format Version 12.00
# Visual Studio Version 17
VisualStudioVersion = 17.0.32112.339
MinimumVisualStudioVersion = 10.0.40219.1
Project("{D954291E-2A0B-460D-934E-DC6B0785DB48}") = "PopStudio.Shared", "PopStudio.Shared\PopStudio.Shared.shproj", "{5162DEBA-202F-485F-8B68-0C1C2212382A}"
EndProject
Project("{9A19103F-16F7-4668-BE54-9A1E7A4F7556}") = "PopStudio.ConsoleProject", "PopStudio.ConsoleProject\PopStudio.ConsoleProject.csproj", "{876E98FA-0429-4AAD-97B9-FF23EABC9B68}"
EndProject
Project("{9A19103F-16F7-4668-BE54-9A1E7A4F7556}") = "PopStudio.MAUI", "PopStudio.MAUI\PopStudio.MAUI.csproj", "{C19F9B4A-17FC-4A71-8A84-D2F9ACB814A5}"
EndProject
Global
	GlobalSection(SharedMSBuildProjectFiles) = preSolution
		PopStudio.Shared\PopStudio.projitems*{5162deba-202f-485f-8b68-0c1c2212382a}*SharedItemsImports = 13
		PopStudio.Shared\PopStudio.projitems*{876e98fa-0429-4aad-97b9-ff23eabc9b68}*SharedItemsImports = 5
		PopStudio.Shared\PopStudio.projitems*{c19f9b4a-17fc-4a71-8a84-d2f9acb814a5}*SharedItemsImports = 5
	EndGlobalSection
	GlobalSection(SolutionConfigurationPlatforms) = preSolution
		Debug|Any CPU = Debug|Any CPU
		Debug|ARM = Debug|ARM
		Debug|ARM64 = Debug|ARM64
		Debug|x64 = Debug|x64
		Debug|x86 = Debug|x86
		Release|Any CPU = Release|Any CPU
		Release|ARM = Release|ARM
		Release|ARM64 = Release|ARM64
		Release|x64 = Release|x64
		Release|x86 = Release|x86
	EndGlobalSection
	GlobalSection(ProjectConfigurationPlatforms) = postSolution
		{876E98FA-0429-4AAD-97B9-FF23EABC9B68}.Debug|Any CPU.ActiveCfg = Debug|Any CPU
		{876E98FA-0429-4AAD-97B9-FF23EABC9B68}.Debug|Any CPU.Build.0 = Debug|Any CPU
		{876E98FA-0429-4AAD-97B9-FF23EABC9B68}.Debug|ARM.ActiveCfg = Debug|Any CPU
		{876E98FA-0429-4AAD-97B9-FF23EABC9B68}.Debug|ARM.Build.0 = Debug|Any CPU
		{876E98FA-0429-4AAD-97B9-FF23EABC9B68}.Debug|ARM64.ActiveCfg = Debug|Any CPU
		{876E98FA-0429-4AAD-97B9-FF23EABC9B68}.Debug|ARM64.Build.0 = Debug|Any CPU
		{876E98FA-0429-4AAD-97B9-FF23EABC9B68}.Debug|x64.ActiveCfg = Debug|Any CPU
		{876E98FA-0429-4AAD-97B9-FF23EABC9B68}.Debug|x64.Build.0 = Debug|Any CPU
		{876E98FA-0429-4AAD-97B9-FF23EABC9B68}.Debug|x86.ActiveCfg = Debug|Any CPU
		{876E98FA-0429-4AAD-97B9-FF23EABC9B68}.Debug|x86.Build.0 = Debug|Any CPU
		{876E98FA-0429-4AAD-97B9-FF23EABC9B68}.Release|Any CPU.ActiveCfg = Release|Any CPU
		{876E98FA-0429-4AAD-97B9-FF23EABC9B68}.Release|Any CPU.Build.0 = Release|Any CPU
		{876E98FA-0429-4AAD-97B9-FF23EABC9B68}.Release|ARM.ActiveCfg = Release|Any CPU
		{876E98FA-0429-4AAD-97B9-FF23EABC9B68}.Release|ARM.Build.0 = Release|Any CPU
		{876E98FA-0429-4AAD-97B9-FF23EABC9B68}.Release|ARM64.ActiveCfg = Release|Any CPU
		{876E98FA-0429-4AAD-97B9-FF23EABC9B68}.Release|ARM64.Build.0 = Release|Any CPU
		{876E98FA-0429-4AAD-97B9-FF23EABC9B68}.Release|x64.ActiveCfg = Release|Any CPU
		{876E98FA-0429-4AAD-97B9-FF23EABC9B68}.Release|x64.Build.0 = Release|Any CPU
		{876E98FA-0429-4AAD-97B9-FF23EABC9B68}.Release|x86.ActiveCfg = Release|Any CPU
		{876E98FA-0429-4AAD-97B9-FF23EABC9B68}.Release|x86.Build.0 = Release|Any CPU
		{C19F9B4A-17FC-4A71-8A84-D2F9ACB814A5}.Debug|Any CPU.ActiveCfg = Debug|Any CPU
		{C19F9B4A-17FC-4A71-8A84-D2F9ACB814A5}.Debug|Any CPU.Build.0 = Debug|Any CPU
		{C19F9B4A-17FC-4A71-8A84-D2F9ACB814A5}.Debug|Any CPU.Deploy.0 = Debug|Any CPU
		{C19F9B4A-17FC-4A71-8A84-D2F9ACB814A5}.Debug|ARM.ActiveCfg = Debug|Any CPU
		{C19F9B4A-17FC-4A71-8A84-D2F9ACB814A5}.Debug|ARM.Build.0 = Debug|Any CPU
		{C19F9B4A-17FC-4A71-8A84-D2F9ACB814A5}.Debug|ARM.Deploy.0 = Debug|Any CPU
		{C19F9B4A-17FC-4A71-8A84-D2F9ACB814A5}.Debug|ARM64.ActiveCfg = Debug|Any CPU
		{C19F9B4A-17FC-4A71-8A84-D2F9ACB814A5}.Debug|ARM64.Build.0 = Debug|Any CPU
		{C19F9B4A-17FC-4A71-8A84-D2F9ACB814A5}.Debug|ARM64.Deploy.0 = Debug|Any CPU
		{C19F9B4A-17FC-4A71-8A84-D2F9ACB814A5}.Debug|x64.ActiveCfg = Debug|Any CPU
		{C19F9B4A-17FC-4A71-8A84-D2F9ACB814A5}.Debug|x64.Build.0 = Debug|Any CPU
		{C19F9B4A-17FC-4A71-8A84-D2F9ACB814A5}.Debug|x64.Deploy.0 = Debug|Any CPU
		{C19F9B4A-17FC-4A71-8A84-D2F9ACB814A5}.Debug|x86.ActiveCfg = Debug|Any CPU
		{C19F9B4A-17FC-4A71-8A84-D2F9ACB814A5}.Debug|x86.Build.0 = Debug|Any CPU
		{C19F9B4A-17FC-4A71-8A84-D2F9ACB814A5}.Debug|x86.Deploy.0 = Debug|Any CPU
		{C19F9B4A-17FC-4A71-8A84-D2F9ACB814A5}.Release|Any CPU.ActiveCfg = Release|Any CPU
		{C19F9B4A-17FC-4A71-8A84-D2F9ACB814A5}.Release|Any CPU.Build.0 = Release|Any CPU
		{C19F9B4A-17FC-4A71-8A84-D2F9ACB814A5}.Release|Any CPU.Deploy.0 = Release|Any CPU
		{C19F9B4A-17FC-4A71-8A84-D2F9ACB814A5}.Release|ARM.ActiveCfg = Release|Any CPU
		{C19F9B4A-17FC-4A71-8A84-D2F9ACB814A5}.Release|ARM.Build.0 = Release|Any CPU
		{C19F9B4A-17FC-4A71-8A84-D2F9ACB814A5}.Release|ARM.Deploy.0 = Release|Any CPU
		{C19F9B4A-17FC-4A71-8A84-D2F9ACB814A5}.Release|ARM64.ActiveCfg = Release|Any CPU
		{C19F9B4A-17FC-4A71-8A84-D2F9ACB814A5}.Release|ARM64.Build.0 = Release|Any CPU
		{C19F9B4A-17FC-4A71-8A84-D2F9ACB814A5}.Release|ARM64.Deploy.0 = Release|Any CPU
		{C19F9B4A-17FC-4A71-8A84-D2F9ACB814A5}.Release|x64.ActiveCfg = Release|Any CPU
		{C19F9B4A-17FC-4A71-8A84-D2F9ACB814A5}.Release|x64.Build.0 = Release|Any CPU
		{C19F9B4A-17FC-4A71-8A84-D2F9ACB814A5}.Release|x64.Deploy.0 = Release|Any CPU
		{C19F9B4A-17FC-4A71-8A84-D2F9ACB814A5}.Release|x86.ActiveCfg = Release|Any CPU
		{C19F9B4A-17FC-4A71-8A84-D2F9ACB814A5}.Release|x86.Build.0 = Release|Any CPU
		{C19F9B4A-17FC-4A71-8A84-D2F9ACB814A5}.Release|x86.Deploy.0 = Release|Any CPU
	EndGlobalSection
	GlobalSection(SolutionProperties) = preSolution
		HideSolutionNode = FALSE
	EndGlobalSection
	GlobalSection(ExtensibilityGlobals) = postSolution
		SolutionGuid = {EBC4D291-1D51-47A2-997F-CF423A66F884}
	EndGlobalSection
EndGlobal
